
Microsoft Visual Studio Solution File, Format Version 12.00
# Visual Studio Version 16
VisualStudioVersion = 16.0.30503.244
MinimumVisualStudioVersion = 10.0.40219.1
Project("{FAE04EC0-301F-11D3-BF4B-00C04F79EFBC}") = "Komodo Cafe", "Komodo Cage\Komodo Cafe.csproj", "{F5DA10A6-E462-43F2-B491-EC0D71D7F7BC}"
EndProject
Project("{FAE04EC0-301F-11D3-BF4B-00C04F79EFBC}") = "Komodo Cafe Tests", "Komodo Cafe Tests\Komodo Cafe Tests.csproj", "{5BF93900-2C54-46CB-9A23-1C578ED3B0F3}"
EndProject
Project("{2150E333-8FDC-42A3-9474-1A3956D46DE8}") = "Komodo Cafe Challenge", "Komodo Cafe Challenge", "{7A87E02B-F359-42F8-AE1A-CB15918BFD1C}"
EndProject
Project("{2150E333-8FDC-42A3-9474-1A3956D46DE8}") = "Komodo Claims Department", "Komodo Claims Department", "{7D3EB229-585A-4413-B2D0-A8B973249EBF}"
EndProject
Project("{FAE04EC0-301F-11D3-BF4B-00C04F79EFBC}") = "KomodoClaimsDepartment", "KomodoClaimsDepartment\KomodoClaimsDepartment.csproj", "{7957602F-5CD8-478A-91E8-EE09FCD04BBD}"
EndProject
Global
	GlobalSection(SolutionConfigurationPlatforms) = preSolution
		Debug|Any CPU = Debug|Any CPU
		Release|Any CPU = Release|Any CPU
	EndGlobalSection
	GlobalSection(ProjectConfigurationPlatforms) = postSolution
		{F5DA10A6-E462-43F2-B491-EC0D71D7F7BC}.Debug|Any CPU.ActiveCfg = Debug|Any CPU
		{F5DA10A6-E462-43F2-B491-EC0D71D7F7BC}.Debug|Any CPU.Build.0 = Debug|Any CPU
		{F5DA10A6-E462-43F2-B491-EC0D71D7F7BC}.Release|Any CPU.ActiveCfg = Release|Any CPU
		{F5DA10A6-E462-43F2-B491-EC0D71D7F7BC}.Release|Any CPU.Build.0 = Release|Any CPU
		{5BF93900-2C54-46CB-9A23-1C578ED3B0F3}.Debug|Any CPU.ActiveCfg = Debug|Any CPU
		{5BF93900-2C54-46CB-9A23-1C578ED3B0F3}.Debug|Any CPU.Build.0 = Debug|Any CPU
		{5BF93900-2C54-46CB-9A23-1C578ED3B0F3}.Release|Any CPU.ActiveCfg = Release|Any CPU
		{5BF93900-2C54-46CB-9A23-1C578ED3B0F3}.Release|Any CPU.Build.0 = Release|Any CPU
		{7957602F-5CD8-478A-91E8-EE09FCD04BBD}.Debug|Any CPU.ActiveCfg = Debug|Any CPU
		{7957602F-5CD8-478A-91E8-EE09FCD04BBD}.Debug|Any CPU.Build.0 = Debug|Any CPU
		{7957602F-5CD8-478A-91E8-EE09FCD04BBD}.Release|Any CPU.ActiveCfg = Release|Any CPU
		{7957602F-5CD8-478A-91E8-EE09FCD04BBD}.Release|Any CPU.Build.0 = Release|Any CPU
	EndGlobalSection
	GlobalSection(SolutionProperties) = preSolution
		HideSolutionNode = FALSE
	EndGlobalSection
	GlobalSection(NestedProjects) = preSolution
		{F5DA10A6-E462-43F2-B491-EC0D71D7F7BC} = {7A87E02B-F359-42F8-AE1A-CB15918BFD1C}
		{5BF93900-2C54-46CB-9A23-1C578ED3B0F3} = {7A87E02B-F359-42F8-AE1A-CB15918BFD1C}
		{7957602F-5CD8-478A-91E8-EE09FCD04BBD} = {7D3EB229-585A-4413-B2D0-A8B973249EBF}
	EndGlobalSection
	GlobalSection(ExtensibilityGlobals) = postSolution
		SolutionGuid = {76D0431F-BE43-413C-A183-44C7396D9C58}
	EndGlobalSection
EndGlobal
